
Microsoft Visual Studio Solution File, Format Version 12.00
# Visual Studio 2012
Project("{FAE04EC0-301F-11D3-BF4B-00C04F79EFBC}") = "CommunityCenter", "CommunityCenter\CommunityCenter.csproj", "{6B9A4506-3467-4FE6-B7BF-E40D4C95EA01}"
EndProject
Project("{FAE04EC0-301F-11D3-BF4B-00C04F79EFBC}") = "JPushBindingLibrary", "JPushBindingLibrary\JPushBindingLibrary.csproj", "{8D5FA6D9-2523-46EE-A875-4DFCF226A38C}"
EndProject
Project("{FAE04EC0-301F-11D3-BF4B-00C04F79EFBC}") = "BaiduMapApiBindingLibrary", "BaiduMapApiBindingLibrary\BaiduMapApiBindingLibrary.csproj", "{8B61FFD4-2993-44F4-A480-3171928FBB34}"
EndProject
Global
	GlobalSection(SolutionConfigurationPlatforms) = preSolution
		Debug|Any CPU = Debug|Any CPU
		Release|Any CPU = Release|Any CPU
	EndGlobalSection
	GlobalSection(ProjectConfigurationPlatforms) = postSolution
		{6B9A4506-3467-4FE6-B7BF-E40D4C95EA01}.Debug|Any CPU.ActiveCfg = Debug|Any CPU
		{6B9A4506-3467-4FE6-B7BF-E40D4C95EA01}.Debug|Any CPU.Build.0 = Debug|Any CPU
		{6B9A4506-3467-4FE6-B7BF-E40D4C95EA01}.Release|Any CPU.ActiveCfg = Release|Any CPU
		{6B9A4506-3467-4FE6-B7BF-E40D4C95EA01}.Release|Any CPU.Build.0 = Release|Any CPU
		{8B61FFD4-2993-44F4-A480-3171928FBB34}.Debug|Any CPU.ActiveCfg = Debug|Any CPU
		{8B61FFD4-2993-44F4-A480-3171928FBB34}.Debug|Any CPU.Build.0 = Debug|Any CPU
		{8B61FFD4-2993-44F4-A480-3171928FBB34}.Release|Any CPU.ActiveCfg = Release|Any CPU
		{8B61FFD4-2993-44F4-A480-3171928FBB34}.Release|Any CPU.Build.0 = Release|Any CPU
		{8D5FA6D9-2523-46EE-A875-4DFCF226A38C}.Debug|Any CPU.ActiveCfg = Debug|Any CPU
		{8D5FA6D9-2523-46EE-A875-4DFCF226A38C}.Debug|Any CPU.Build.0 = Debug|Any CPU
		{8D5FA6D9-2523-46EE-A875-4DFCF226A38C}.Release|Any CPU.ActiveCfg = Release|Any CPU
		{8D5FA6D9-2523-46EE-A875-4DFCF226A38C}.Release|Any CPU.Build.0 = Release|Any CPU
	EndGlobalSection
EndGlobal
